github.com/goge-engine/goge-basis v0.2.0 h1:+tdd1Ek105G3pWxpCqEzszv+IQB7Bu2FBset/6XZIhs=
github.com/goge-engine/goge-basis v0.2.0/go.mod h1:IU36THL69X5AVSDwofLtkEeTnMz3+6cktU1lRhE+ugY=
github.com/goge-engine/goge-basis v0.2.1 h1:F6yH93por7GZ6FlH5R5RvPcWuJ8TCqbnm9TAAmm/6xY=
github.com/goge-engine/goge-basis v0.2.1/go.mod h1:IU36THL69X5AVSDwofLtkEeTnMz3+6cktU1lRhE+ugY=
